
Microsoft Visual Studio Solution File, Format Version 12.00
# Visual Studio 15
VisualStudioVersion = 15.0.27004.2002
MinimumVisualStudioVersion = 10.0.40219.1
Project("{FAE04EC0-301F-11D3-BF4B-00C04F79EFBC}") = "DroneLander.Android", "DroneLander\DroneLander.Android\DroneLander.Android.csproj", "{9E187CAE-8710-4FB6-8243-D3F89DA37912}"
EndProject
Project("{FAE04EC0-301F-11D3-BF4B-00C04F79EFBC}") = "DroneLander", "DroneLander\DroneLander\DroneLander.csproj", "{122A84B2-99DA-4647-B9B0-DE281ADB1993}"
EndProject
Project("{FAE04EC0-301F-11D3-BF4B-00C04F79EFBC}") = "DroneLander.UWP", "DroneLander\DroneLander.UWP\DroneLander.UWP.csproj", "{8D4428A6-F43D-4B04-8B2A-1511C52A665F}"
EndProject
Project("{FAE04EC0-301F-11D3-BF4B-00C04F79EFBC}") = "DroneLander.iOS", "DroneLander\DroneLander.iOS\DroneLander.iOS.csproj", "{F76A3D6F-5437-47C2-B8C4-0ABB2F17F5F9}"
EndProject
Global
	GlobalSection(SolutionConfigurationPlatforms) = preSolution
		Ad-Hoc|Any CPU = Ad-Hoc|Any CPU
		Ad-Hoc|ARM = Ad-Hoc|ARM
		Ad-Hoc|iPhone = Ad-Hoc|iPhone
		Ad-Hoc|iPhoneSimulator = Ad-Hoc|iPhoneSimulator
		Ad-Hoc|x64 = Ad-Hoc|x64
		Ad-Hoc|x86 = Ad-Hoc|x86
		AppStore|Any CPU = AppStore|Any CPU
		AppStore|ARM = AppStore|ARM
		AppStore|iPhone = AppStore|iPhone
		AppStore|iPhoneSimulator = AppStore|iPhoneSimulator
		AppStore|x64 = AppStore|x64
		AppStore|x86 = AppStore|x86
		Debug|Any CPU = Debug|Any CPU
		Debug|ARM = Debug|ARM
		Debug|iPhone = Debug|iPhone
		Debug|iPhoneSimulator = Debug|iPhoneSimulator
		Debug|x64 = Debug|x64
		Debug|x86 = Debug|x86
		Release|Any CPU = Release|Any CPU
		Release|ARM = Release|ARM
		Release|iPhone = Release|iPhone
		Release|iPhoneSimulator = Release|iPhoneSimulator
		Release|x64 = Release|x64
		Release|x86 = Release|x86
	EndGlobalSection
	GlobalSection(ProjectConfigurationPlatforms) = postSolution
		{9E187CAE-8710-4FB6-8243-D3F89DA37912}.Ad-Hoc|Any CPU.ActiveCfg = Release|Any CPU
		{9E187CAE-8710-4FB6-8243-D3F89DA37912}.Ad-Hoc|Any CPU.Build.0 = Release|Any CPU
		{9E187CAE-8710-4FB6-8243-D3F89DA37912}.Ad-Hoc|Any CPU.Deploy.0 = Release|Any CPU
		{9E187CAE-8710-4FB6-8243-D3F89DA37912}.Ad-Hoc|ARM.ActiveCfg = Release|Any CPU
		{9E187CAE-8710-4FB6-8243-D3F89DA37912}.Ad-Hoc|ARM.Build.0 = Release|Any CPU
		{9E187CAE-8710-4FB6-8243-D3F89DA37912}.Ad-Hoc|ARM.Deploy.0 = Release|Any CPU
		{9E187CAE-8710-4FB6-8243-D3F89DA37912}.Ad-Hoc|iPhone.ActiveCfg = Release|Any CPU
		{9E187CAE-8710-4FB6-8243-D3F89DA37912}.Ad-Hoc|iPhone.Build.0 = Release|Any CPU
		{9E187CAE-8710-4FB6-8243-D3F89DA37912}.Ad-Hoc|iPhone.Deploy.0 = Release|Any CPU
		{9E187CAE-8710-4FB6-8243-D3F89DA37912}.Ad-Hoc|iPhoneSimulator.ActiveCfg = Release|Any CPU
		{9E187CAE-8710-4FB6-8243-D3F89DA37912}.Ad-Hoc|iPhoneSimulator.Build.0 = Release|Any CPU
		{9E187CAE-8710-4FB6-8243-D3F89DA37912}.Ad-Hoc|iPhoneSimulator.Deploy.0 = Release|Any CPU
		{9E187CAE-8710-4FB6-8243-D3F89DA37912}.Ad-Hoc|x64.ActiveCfg = Release|Any CPU
		{9E187CAE-8710-4FB6-8243-D3F89DA37912}.Ad-Hoc|x64.Build.0 = Release|Any CPU
		{9E187CAE-8710-4FB6-8243-D3F89DA37912}.Ad-Hoc|x64.Deploy.0 = Release|Any CPU
		{9E187CAE-8710-4FB6-8243-D3F89DA37912}.Ad-Hoc|x86.ActiveCfg = Release|Any CPU
		{9E187CAE-8710-4FB6-8243-D3F89DA37912}.Ad-Hoc|x86.Build.0 = Release|Any CPU
		{9E187CAE-8710-4FB6-8243-D3F89DA37912}.Ad-Hoc|x86.Deploy.0 = Release|Any CPU
		{9E187CAE-8710-4FB6-8243-D3F89DA37912}.AppStore|Any CPU.ActiveCfg = Release|Any CPU
		{9E187CAE-8710-4FB6-8243-D3F89DA37912}.AppStore|Any CPU.Build.0 = Release|Any CPU
		{9E187CAE-8710-4FB6-8243-D3F89DA37912}.AppStore|Any CPU.Deploy.0 = Release|Any CPU
		{9E187CAE-8710-4FB6-8243-D3F89DA37912}.AppStore|ARM.ActiveCfg = Release|Any CPU
		{9E187CAE-8710-4FB6-8243-D3F89DA37912}.AppStore|ARM.Build.0 = Release|Any CPU
		{9E187CAE-8710-4FB6-8243-D3F89DA37912}.AppStore|ARM.Deploy.0 = Release|Any CPU
		{9E187CAE-8710-4FB6-8243-D3F89DA37912}.AppStore|iPhone.ActiveCfg = Release|Any CPU
		{9E187CAE-8710-4FB6-8243-D3F89DA37912}.AppStore|iPhone.Build.0 = Release|Any CPU
		{9E187CAE-8710-4FB6-8243-D3F89DA37912}.AppStore|iPhone.Deploy.0 = Release|Any CPU
		{9E187CAE-8710-4FB6-8243-D3F89DA37912}.AppStore|iPhoneSimulator.ActiveCfg = Release|Any CPU
		{9E187CAE-8710-4FB6-8243-D3F89DA37912}.AppStore|iPhoneSimulator.Build.0 = Release|Any CPU
		{9E187CAE-8710-4FB6-8243-D3F89DA37912}.AppStore|iPhoneSimulator.Deploy.0 = Release|Any CPU
		{9E187CAE-8710-4FB6-8243-D3F89DA37912}.AppStore|x64.ActiveCfg = Release|Any CPU
		{9E187CAE-8710-4FB6-8243-D3F89DA37912}.AppStore|x64.Build.0 = Release|Any CPU
		{9E187CAE-8710-4FB6-8243-D3F89DA37912}.AppStore|x64.Deploy.0 = Release|Any CPU
		{9E187CAE-8710-4FB6-8243-D3F89DA37912}.AppStore|x86.ActiveCfg = Release|Any CPU
		{9E187CAE-8710-4FB6-8243-D3F89DA37912}.AppStore|x86.Build.0 = Release|Any CPU
		{9E187CAE-8710-4FB6-8243-D3F89DA37912}.AppStore|x86.Deploy.0 = Release|Any CPU
		{9E187CAE-8710-4FB6-8243-D3F89DA37912}.Debug|Any CPU.ActiveCfg = Debug|Any CPU
		{9E187CAE-8710-4FB6-8243-D3F89DA37912}.Debug|Any CPU.Build.0 = Debug|Any CPU
		{9E187CAE-8710-4FB6-8243-D3F89DA37912}.Debug|Any CPU.Deploy.0 = Debug|Any CPU
		{9E187CAE-8710-4FB6-8243-D3F89DA37912}.Debug|ARM.ActiveCfg = Debug|Any CPU
		{9E187CAE-8710-4FB6-8243-D3F89DA37912}.Debug|ARM.Build.0 = Debug|Any CPU
		{9E187CAE-8710-4FB6-8243-D3F89DA37912}.Debug|ARM.Deploy.0 = Debug|Any CPU
		{9E187CAE-8710-4FB6-8243-D3F89DA37912}.Debug|iPhone.ActiveCfg = Debug|Any CPU
		{9E187CAE-8710-4FB6-8243-D3F89DA37912}.Debug|iPhone.Build.0 = Debug|Any CPU
		{9E187CAE-8710-4FB6-8243-D3F89DA37912}.Debug|iPhone.Deploy.0 = Debug|Any CPU
		{9E187CAE-8710-4FB6-8243-D3F89DA37912}.Debug|iPhoneSimulator.ActiveCfg = Debug|Any CPU
		{9E187CAE-8710-4FB6-8243-D3F89DA37912}.Debug|iPhoneSimulator.Build.0 = Debug|Any CPU
		{9E187CAE-8710-4FB6-8243-D3F89DA37912}.Debug|iPhoneSimulator.Deploy.0 = Debug|Any CPU
		{9E187CAE-8710-4FB6-8243-D3F89DA37912}.Debug|x64.ActiveCfg = Debug|Any CPU
		{9E187CAE-8710-4FB6-8243-D3F89DA37912}.Debug|x64.Build.0 = Debug|Any CPU
		{9E187CAE-8710-4FB6-8243-D3F89DA37912}.Debug|x64.Deploy.0 = Debug|Any CPU
		{9E187CAE-8710-4FB6-8243-D3F89DA37912}.Debug|x86.ActiveCfg = Debug|Any CPU
		{9E187CAE-8710-4FB6-8243-D3F89DA37912}.Debug|x86.Build.0 = Debug|Any CPU
		{9E187CAE-8710-4FB6-8243-D3F89DA37912}.Debug|x86.Deploy.0 = Debug|Any CPU
		{9E187CAE-8710-4FB6-8243-D3F89DA37912}.Release|Any CPU.ActiveCfg = Release|Any CPU
		{9E187CAE-8710-4FB6-8243-D3F89DA37912}.Release|Any CPU.Build.0 = Release|Any CPU
		{9E187CAE-8710-4FB6-8243-D3F89DA37912}.Release|Any CPU.Deploy.0 = Release|Any CPU
		{9E187CAE-8710-4FB6-8243-D3F89DA37912}.Release|ARM.ActiveCfg = Release|Any CPU
		{9E187CAE-8710-4FB6-8243-D3F89DA37912}.Release|ARM.Build.0 = Release|Any CPU
		{9E187CAE-8710-4FB6-8243-D3F89DA37912}.Release|ARM.Deploy.0 = Release|Any CPU
		{9E187CAE-8710-4FB6-8243-D3F89DA37912}.Release|iPhone.ActiveCfg = Release|Any CPU
		{9E187CAE-8710-4FB6-8243-D3F89DA37912}.Release|iPhone.Build.0 = Release|Any CPU
		{9E187CAE-8710-4FB6-8243-D3F89DA37912}.Release|iPhone.Deploy.0 = Release|Any CPU
		{9E187CAE-8710-4FB6-8243-D3F89DA37912}.Release|iPhoneSimulator.ActiveCfg = Release|Any CPU
		{9E187CAE-8710-4FB6-8243-D3F89DA37912}.Release|iPhoneSimulator.Build.0 = Release|Any CPU
		{9E187CAE-8710-4FB6-8243-D3F89DA37912}.Release|iPhoneSimulator.Deploy.0 = Release|Any CPU
		{9E187CAE-8710-4FB6-8243-D3F89DA37912}.Release|x64.ActiveCfg = Release|Any CPU
		{9E187CAE-8710-4FB6-8243-D3F89DA37912}.Release|x64.Build.0 = Release|Any CPU
		{9E187CAE-8710-4FB6-8243-D3F89DA37912}.Release|x64.Deploy.0 = Release|Any CPU
		{9E187CAE-8710-4FB6-8243-D3F89DA37912}.Release|x86.ActiveCfg = Release|Any CPU
		{9E187CAE-8710-4FB6-8243-D3F89DA37912}.Release|x86.Build.0 = Release|Any CPU
		{9E187CAE-8710-4FB6-8243-D3F89DA37912}.Release|x86.Deploy.0 = Release|Any CPU
		{122A84B2-99DA-4647-B9B0-DE281ADB1993}.Ad-Hoc|Any CPU.ActiveCfg = Release|Any CPU
		{122A84B2-99DA-4647-B9B0-DE281ADB1993}.Ad-Hoc|Any CPU.Build.0 = Release|Any CPU
		{122A84B2-99DA-4647-B9B0-DE281ADB1993}.Ad-Hoc|ARM.ActiveCfg = Release|Any CPU
		{122A84B2-99DA-4647-B9B0-DE281ADB1993}.Ad-Hoc|ARM.Build.0 = Release|Any CPU
		{122A84B2-99DA-4647-B9B0-DE281ADB1993}.Ad-Hoc|iPhone.ActiveCfg = Release|Any CPU
		{122A84B2-99DA-4647-B9B0-DE281ADB1993}.Ad-Hoc|iPhone.Build.0 = Release|Any CPU
		{122A84B2-99DA-4647-B9B0-DE281ADB1993}.Ad-Hoc|iPhoneSimulator.ActiveCfg = Release|Any CPU
		{122A84B2-99DA-4647-B9B0-DE281ADB1993}.Ad-Hoc|iPhoneSimulator.Build.0 = Release|Any CPU
		{122A84B2-99DA-4647-B9B0-DE281ADB1993}.Ad-Hoc|x64.ActiveCfg = Release|Any CPU
		{122A84B2-99DA-4647-B9B0-DE281ADB1993}.Ad-Hoc|x64.Build.0 = Release|Any CPU
		{122A84B2-99DA-4647-B9B0-DE281ADB1993}.Ad-Hoc|x86.ActiveCfg = Release|Any CPU
		{122A84B2-99DA-4647-B9B0-DE281ADB1993}.Ad-Hoc|x86.Build.0 = Release|Any CPU
		{122A84B2-99DA-4647-B9B0-DE281ADB1993}.AppStore|Any CPU.ActiveCfg = Release|Any CPU
		{122A84B2-99DA-4647-B9B0-DE281ADB1993}.AppStore|Any CPU.Build.0 = Release|Any CPU
		{122A84B2-99DA-4647-B9B0-DE281ADB1993}.AppStore|ARM.ActiveCfg = Release|Any CPU
		{122A84B2-99DA-4647-B9B0-DE281ADB1993}.AppStore|ARM.Build.0 = Release|Any CPU
		{122A84B2-99DA-4647-B9B0-DE281ADB1993}.AppStore|iPhone.ActiveCfg = Release|Any CPU
		{122A84B2-99DA-4647-B9B0-DE281ADB1993}.AppStore|iPhone.Build.0 = Release|Any CPU
		{122A84B2-99DA-4647-B9B0-DE281ADB1993}.AppStore|iPhoneSimulator.ActiveCfg = Release|Any CPU
		{122A84B2-99DA-4647-B9B0-DE281ADB1993}.AppStore|iPhoneSimulator.Build.0 = Release|Any CPU
		{122A84B2-99DA-4647-B9B0-DE281ADB1993}.AppStore|x64.ActiveCfg = Release|Any CPU
		{122A84B2-99DA-4647-B9B0-DE281ADB1993}.AppStore|x64.Build.0 = Release|Any CPU
		{122A84B2-99DA-4647-B9B0-DE281ADB1993}.AppStore|x86.ActiveCfg = Release|Any CPU
		{122A84B2-99DA-4647-B9B0-DE281ADB1993}.AppStore|x86.Build.0 = Release|Any CPU
		{122A84B2-99DA-4647-B9B0-DE281ADB1993}.Debug|Any CPU.ActiveCfg = Debug|Any CPU
		{122A84B2-99DA-4647-B9B0-DE281ADB1993}.Debug|Any CPU.Build.0 = Debug|Any CPU
		{122A84B2-99DA-4647-B9B0-DE281ADB1993}.Debug|ARM.ActiveCfg = Debug|Any CPU
		{122A84B2-99DA-4647-B9B0-DE281ADB1993}.Debug|ARM.Build.0 = Debug|Any CPU
		{122A84B2-99DA-4647-B9B0-DE281ADB1993}.Debug|iPhone.ActiveCfg = Debug|Any CPU
		{122A84B2-99DA-4647-B9B0-DE281ADB1993}.Debug|iPhone.Build.0 = Debug|Any CPU
		{122A84B2-99DA-4647-B9B0-DE281ADB1993}.Debug|iPhoneSimulator.ActiveCfg = Debug|Any CPU
		{122A84B2-99DA-4647-B9B0-DE281ADB1993}.Debug|iPhoneSimulator.Build.0 = Debug|Any CPU
		{122A84B2-99DA-4647-B9B0-DE281ADB1993}.Debug|x64.ActiveCfg = Debug|Any CPU
		{122A84B2-99DA-4647-B9B0-DE281ADB1993}.Debug|x64.Build.0 = Debug|Any CPU
		{122A84B2-99DA-4647-B9B0-DE281ADB1993}.Debug|x86.ActiveCfg = Debug|Any CPU
		{122A84B2-99DA-4647-B9B0-DE281ADB1993}.Debug|x86.Build.0 = Debug|Any CPU
		{122A84B2-99DA-4647-B9B0-DE281ADB1993}.Release|Any CPU.ActiveCfg = Release|Any CPU
		{122A84B2-99DA-4647-B9B0-DE281ADB1993}.Release|Any CPU.Build.0 = Release|Any CPU
		{122A84B2-99DA-4647-B9B0-DE281ADB1993}.Release|ARM.ActiveCfg = Release|Any CPU
		{122A84B2-99DA-4647-B9B0-DE281ADB1993}.Release|ARM.Build.0 = Release|Any CPU
		{122A84B2-99DA-4647-B9B0-DE281ADB1993}.Release|iPhone.ActiveCfg = Release|Any CPU
		{122A84B2-99DA-4647-B9B0-DE281ADB1993}.Release|iPhone.Build.0 = Release|Any CPU
		{122A84B2-99DA-4647-B9B0-DE281ADB1993}.Release|iPhoneSimulator.ActiveCfg = Release|Any CPU
		{122A84B2-99DA-4647-B9B0-DE281ADB1993}.Release|iPhoneSimulator.Build.0 = Release|Any CPU
		{122A84B2-99DA-4647-B9B0-DE281ADB1993}.Release|x64.ActiveCfg = Release|Any CPU
		{122A84B2-99DA-4647-B9B0-DE281ADB1993}.Release|x64.Build.0 = Release|Any CPU
		{122A84B2-99DA-4647-B9B0-DE281ADB1993}.Release|x86.ActiveCfg = Release|Any CPU
		{122A84B2-99DA-4647-B9B0-DE281ADB1993}.Release|x86.Build.0 = Release|Any CPU
		{8D4428A6-F43D-4B04-8B2A-1511C52A665F}.Ad-Hoc|Any CPU.ActiveCfg = Release|x86
		{8D4428A6-F43D-4B04-8B2A-1511C52A665F}.Ad-Hoc|Any CPU.Build.0 = Release|x86
		{8D4428A6-F43D-4B04-8B2A-1511C52A665F}.Ad-Hoc|Any CPU.Deploy.0 = Release|x86
		{8D4428A6-F43D-4B04-8B2A-1511C52A665F}.Ad-Hoc|ARM.ActiveCfg = Release|ARM
		{8D4428A6-F43D-4B04-8B2A-1511C52A665F}.Ad-Hoc|ARM.Build.0 = Release|ARM
		{8D4428A6-F43D-4B04-8B2A-1511C52A665F}.Ad-Hoc|ARM.Deploy.0 = Release|ARM
		{8D4428A6-F43D-4B04-8B2A-1511C52A665F}.Ad-Hoc|iPhone.ActiveCfg = Release|x86
		{8D4428A6-F43D-4B04-8B2A-1511C52A665F}.Ad-Hoc|iPhone.Build.0 = Release|x86
		{8D4428A6-F43D-4B04-8B2A-1511C52A665F}.Ad-Hoc|iPhone.Deploy.0 = Release|x86
		{8D4428A6-F43D-4B04-8B2A-1511C52A665F}.Ad-Hoc|iPhoneSimulator.ActiveCfg = Release|x86
		{8D4428A6-F43D-4B04-8B2A-1511C52A665F}.Ad-Hoc|iPhoneSimulator.Build.0 = Release|x86
		{8D4428A6-F43D-4B04-8B2A-1511C52A665F}.Ad-Hoc|iPhoneSimulator.Deploy.0 = Release|x86
		{8D4428A6-F43D-4B04-8B2A-1511C52A665F}.Ad-Hoc|x64.ActiveCfg = Release|x64
		{8D4428A6-F43D-4B04-8B2A-1511C52A665F}.Ad-Hoc|x64.Build.0 = Release|x64
		{8D4428A6-F43D-4B04-8B2A-1511C52A665F}.Ad-Hoc|x64.Deploy.0 = Release|x64
		{8D4428A6-F43D-4B04-8B2A-1511C52A665F}.Ad-Hoc|x86.ActiveCfg = Release|x86
		{8D4428A6-F43D-4B04-8B2A-1511C52A665F}.Ad-Hoc|x86.Build.0 = Release|x86
		{8D4428A6-F43D-4B04-8B2A-1511C52A665F}.Ad-Hoc|x86.Deploy.0 = Release|x86
		{8D4428A6-F43D-4B04-8B2A-1511C52A665F}.AppStore|Any CPU.ActiveCfg = Release|x86
		{8D4428A6-F43D-4B04-8B2A-1511C52A665F}.AppStore|Any CPU.Build.0 = Release|x86
		{8D4428A6-F43D-4B04-8B2A-1511C52A665F}.AppStore|Any CPU.Deploy.0 = Release|x86
		{8D4428A6-F43D-4B04-8B2A-1511C52A665F}.AppStore|ARM.ActiveCfg = Release|ARM
		{8D4428A6-F43D-4B04-8B2A-1511C52A665F}.AppStore|ARM.Build.0 = Release|ARM
		{8D4428A6-F43D-4B04-8B2A-1511C52A665F}.AppStore|ARM.Deploy.0 = Release|ARM
		{8D4428A6-F43D-4B04-8B2A-1511C52A665F}.AppStore|iPhone.ActiveCfg = Release|x86
		{8D4428A6-F43D-4B04-8B2A-1511C52A665F}.AppStore|iPhone.Build.0 = Release|x86
		{8D4428A6-F43D-4B04-8B2A-1511C52A665F}.AppStore|iPhone.Deploy.0 = Release|x86
		{8D4428A6-F43D-4B04-8B2A-1511C52A665F}.AppStore|iPhoneSimulator.ActiveCfg = Release|x86
		{8D4428A6-F43D-4B04-8B2A-1511C52A665F}.AppStore|iPhoneSimulator.Build.0 = Release|x86
		{8D4428A6-F43D-4B04-8B2A-1511C52A665F}.AppStore|iPhoneSimulator.Deploy.0 = Release|x86
		{8D4428A6-F43D-4B04-8B2A-1511C52A665F}.AppStore|x64.ActiveCfg = Release|x64
		{8D4428A6-F43D-4B04-8B2A-1511C52A665F}.AppStore|x64.Build.0 = Release|x64
		{8D4428A6-F43D-4B04-8B2A-1511C52A665F}.AppStore|x64.Deploy.0 = Release|x64
		{8D4428A6-F43D-4B04-8B2A-1511C52A665F}.AppStore|x86.ActiveCfg = Release|x86
		{8D4428A6-F43D-4B04-8B2A-1511C52A665F}.AppStore|x86.Build.0 = Release|x86
		{8D4428A6-F43D-4B04-8B2A-1511C52A665F}.AppStore|x86.Deploy.0 = Release|x86
		{8D4428A6-F43D-4B04-8B2A-1511C52A665F}.Debug|Any CPU.ActiveCfg = Debug|x86
		{8D4428A6-F43D-4B04-8B2A-1511C52A665F}.Debug|Any CPU.Build.0 = Debug|x86
		{8D4428A6-F43D-4B04-8B2A-1511C52A665F}.Debug|Any CPU.Deploy.0 = Debug|x86
		{8D4428A6-F43D-4B04-8B2A-1511C52A665F}.Debug|ARM.ActiveCfg = Debug|ARM
		{8D4428A6-F43D-4B04-8B2A-1511C52A665F}.Debug|ARM.Build.0 = Debug|ARM
		{8D4428A6-F43D-4B04-8B2A-1511C52A665F}.Debug|ARM.Deploy.0 = Debug|ARM
		{8D4428A6-F43D-4B04-8B2A-1511C52A665F}.Debug|iPhone.ActiveCfg = Debug|x86
		{8D4428A6-F43D-4B04-8B2A-1511C52A665F}.Debug|iPhoneSimulator.ActiveCfg = Debug|x86
		{8D4428A6-F43D-4B04-8B2A-1511C52A665F}.Debug|x64.ActiveCfg = Debug|x64
		{8D4428A6-F43D-4B04-8B2A-1511C52A665F}.Debug|x64.Build.0 = Debug|x64
		{8D4428A6-F43D-4B04-8B2A-1511C52A665F}.Debug|x64.Deploy.0 = Debug|x64
		{8D4428A6-F43D-4B04-8B2A-1511C52A665F}.Debug|x86.ActiveCfg = Debug|x86
		{8D4428A6-F43D-4B04-8B2A-1511C52A665F}.Debug|x86.Build.0 = Debug|x86
		{8D4428A6-F43D-4B04-8B2A-1511C52A665F}.Debug|x86.Deploy.0 = Debug|x86
		{8D4428A6-F43D-4B04-8B2A-1511C52A665F}.Release|Any CPU.ActiveCfg = Release|x86
		{8D4428A6-F43D-4B04-8B2A-1511C52A665F}.Release|ARM.ActiveCfg = Release|ARM
		{8D4428A6-F43D-4B04-8B2A-1511C52A665F}.Release|ARM.Build.0 = Release|ARM
		{8D4428A6-F43D-4B04-8B2A-1511C52A665F}.Release|ARM.Deploy.0 = Release|ARM
		{8D4428A6-F43D-4B04-8B2A-1511C52A665F}.Release|iPhone.ActiveCfg = Release|x86
		{8D4428A6-F43D-4B04-8B2A-1511C52A665F}.Release|iPhoneSimulator.ActiveCfg = Release|x86
		{8D4428A6-F43D-4B04-8B2A-1511C52A665F}.Release|x64.ActiveCfg = Release|x64
		{8D4428A6-F43D-4B04-8B2A-1511C52A665F}.Release|x64.Build.0 = Release|x64
		{8D4428A6-F43D-4B04-8B2A-1511C52A665F}.Release|x64.Deploy.0 = Release|x64
		{8D4428A6-F43D-4B04-8B2A-1511C52A665F}.Release|x86.ActiveCfg = Release|x86
		{8D4428A6-F43D-4B04-8B2A-1511C52A665F}.Release|x86.Build.0 = Release|x86
		{8D4428A6-F43D-4B04-8B2A-1511C52A665F}.Release|x86.Deploy.0 = Release|x86
		{F76A3D6F-5437-47C2-B8C4-0ABB2F17F5F9}.Ad-Hoc|Any CPU.ActiveCfg = Ad-Hoc|iPhoneSimulator
		{F76A3D6F-5437-47C2-B8C4-0ABB2F17F5F9}.Ad-Hoc|ARM.ActiveCfg = Ad-Hoc|iPhone
		{F76A3D6F-5437-47C2-B8C4-0ABB2F17F5F9}.Ad-Hoc|iPhone.ActiveCfg = Ad-Hoc|iPhone
		{F76A3D6F-5437-47C2-B8C4-0ABB2F17F5F9}.Ad-Hoc|iPhone.Build.0 = Ad-Hoc|iPhone
		{F76A3D6F-5437-47C2-B8C4-0ABB2F17F5F9}.Ad-Hoc|iPhoneSimulator.ActiveCfg = Ad-Hoc|iPhoneSimulator
		{F76A3D6F-5437-47C2-B8C4-0ABB2F17F5F9}.Ad-Hoc|iPhoneSimulator.Build.0 = Ad-Hoc|iPhoneSimulator
		{F76A3D6F-5437-47C2-B8C4-0ABB2F17F5F9}.Ad-Hoc|x64.ActiveCfg = Ad-Hoc|iPhone
		{F76A3D6F-5437-47C2-B8C4-0ABB2F17F5F9}.Ad-Hoc|x86.ActiveCfg = Ad-Hoc|iPhone
		{F76A3D6F-5437-47C2-B8C4-0ABB2F17F5F9}.AppStore|Any CPU.ActiveCfg = AppStore|iPhoneSimulator
		{F76A3D6F-5437-47C2-B8C4-0ABB2F17F5F9}.AppStore|ARM.ActiveCfg = AppStore|iPhone
		{F76A3D6F-5437-47C2-B8C4-0ABB2F17F5F9}.AppStore|iPhone.ActiveCfg = AppStore|iPhone
		{F76A3D6F-5437-47C2-B8C4-0ABB2F17F5F9}.AppStore|iPhone.Build.0 = AppStore|iPhone
		{F76A3D6F-5437-47C2-B8C4-0ABB2F17F5F9}.AppStore|iPhoneSimulator.ActiveCfg = AppStore|iPhoneSimulator
		{F76A3D6F-5437-47C2-B8C4-0ABB2F17F5F9}.AppStore|iPhoneSimulator.Build.0 = AppStore|iPhoneSimulator
		{F76A3D6F-5437-47C2-B8C4-0ABB2F17F5F9}.AppStore|x64.ActiveCfg = AppStore|iPhone
		{F76A3D6F-5437-47C2-B8C4-0ABB2F17F5F9}.AppStore|x86.ActiveCfg = AppStore|iPhone
		{F76A3D6F-5437-47C2-B8C4-0ABB2F17F5F9}.Debug|Any CPU.ActiveCfg = Debug|iPhoneSimulator
		{F76A3D6F-5437-47C2-B8C4-0ABB2F17F5F9}.Debug|ARM.ActiveCfg = Debug|iPhone
		{F76A3D6F-5437-47C2-B8C4-0ABB2F17F5F9}.Debug|iPhone.ActiveCfg = Debug|iPhone
		{F76A3D6F-5437-47C2-B8C4-0ABB2F17F5F9}.Debug|iPhone.Build.0 = Debug|iPhone
		{F76A3D6F-5437-47C2-B8C4-0ABB2F17F5F9}.Debug|iPhoneSimulator.ActiveCfg = Debug|iPhoneSimulator
		{F76A3D6F-5437-47C2-B8C4-0ABB2F17F5F9}.Debug|iPhoneSimulator.Build.0 = Debug|iPhoneSimulator
		{F76A3D6F-5437-47C2-B8C4-0ABB2F17F5F9}.Debug|x64.ActiveCfg = Debug|iPhone
		{F76A3D6F-5437-47C2-B8C4-0ABB2F17F5F9}.Debug|x86.ActiveCfg = Debug|iPhone
		{F76A3D6F-5437-47C2-B8C4-0ABB2F17F5F9}.Release|Any CPU.ActiveCfg = Release|iPhoneSimulator
		{F76A3D6F-5437-47C2-B8C4-0ABB2F17F5F9}.Release|ARM.ActiveCfg = Release|iPhone
		{F76A3D6F-5437-47C2-B8C4-0ABB2F17F5F9}.Release|iPhone.ActiveCfg = Release|iPhone
		{F76A3D6F-5437-47C2-B8C4-0ABB2F17F5F9}.Release|iPhone.Build.0 = Release|iPhone
		{F76A3D6F-5437-47C2-B8C4-0ABB2F17F5F9}.Release|iPhoneSimulator.ActiveCfg = Release|iPhoneSimulator
		{F76A3D6F-5437-47C2-B8C4-0ABB2F17F5F9}.Release|iPhoneSimulator.Build.0 = Release|iPhoneSimulator
		{F76A3D6F-5437-47C2-B8C4-0ABB2F17F5F9}.Release|x64.ActiveCfg = Release|iPhone
		{F76A3D6F-5437-47C2-B8C4-0ABB2F17F5F9}.Release|x86.ActiveCfg = Release|iPhone
	EndGlobalSection
	GlobalSection(SolutionProperties) = preSolution
		HideSolutionNode = FALSE
	EndGlobalSection
	GlobalSection(ExtensibilityGlobals) = postSolution
		SolutionGuid = {89DD779F-05A1-4030-91FC-8B53C60A8F8A}
	EndGlobalSection
EndGlobal
